
Microsoft Visual Studio Solution File, Format Version 12.00
# Visual Studio Version 16
VisualStudioVersion = 16.0.32126.315
MinimumVisualStudioVersion = 10.0.40219.1
Project("{FAE04EC0-301F-11D3-BF4B-00C04F79EFBC}") = "ULearn", "ULearn\ULearn.csproj", "{EA97F1C5-67CD-40D1-8B98-557C12F8FC1F}"
EndProject
Global
	GlobalSection(SolutionConfigurationPlatforms) = preSolution
		Debug|Any CPU = Debug|Any CPU
		Release|Any CPU = Release|Any CPU
	EndGlobalSection
	GlobalSection(ProjectConfigurationPlatforms) = postSolution
		{EA97F1C5-67CD-40D1-8B98-557C12F8FC1F}.Debug|Any CPU.ActiveCfg = Debug|Any CPU
		{EA97F1C5-67CD-40D1-8B98-557C12F8FC1F}.Debug|Any CPU.Build.0 = Debug|Any CPU
		{EA97F1C5-67CD-40D1-8B98-557C12F8FC1F}.Release|Any CPU.ActiveCfg = Release|Any CPU
		{EA97F1C5-67CD-40D1-8B98-557C12F8FC1F}.Release|Any CPU.Build.0 = Release|Any CPU
	EndGlobalSection
	GlobalSection(SolutionProperties) = preSolution
		HideSolutionNode = FALSE
	EndGlobalSection
	GlobalSection(ExtensibilityGlobals) = postSolution
		SolutionGuid = {2E13E7AF-8F74-43D0-905F-E2AF376D010D}
	EndGlobalSection
EndGlobal
